github.com/zhangdapeng520/zdpgo_cobra v0.1.0 h1:q1Wqt6eU0hpnVJRQQxMi72MyeMV1rl6XQCjVPAiDMFE=
github.com/zhangdapeng520/zdpgo_cobra v0.1.0/go.mod h1:iUlGg8Yt6Vx6BbiIpcvNo59IxTiPxX6iyAN4gHTyQaU=
github.com/zhangdapeng520/zdpgo_file v1.1.5 h1:h1VVUmVmKWOSpMbJ7RarB4IctXrM29cfnJFtVLjVCe8=
github.com/zhangdapeng520/zdpgo_file v1.1.5/go.mod h1:Od2OCyUuNIF+0DQUpl+zSR/nvmHBB424lpiB8tK1/s4=
